github.com/fbaube/dsmnd v0.0.0-20230612185132-db1a09c6de38 h1:ZAdMXDHNBSB9yqGxP+ATfoiUZhidBoBN/xkJ2r4ywOE=
github.com/fbaube/dsmnd v0.0.0-20230612185132-db1a09c6de38/go.mod h1:1aIEJqfWly2hJigHXVeo+2qb99HM5sLR9PTSGPMtHVI=
github.com/fbaube/sqlite3 v0.0.0-20230622182711-a6140311d5d2 h1:e2n0fY+ONTjXHcpG0/IfrJdXZ4VugifQfktY+pz0KwU=
github.com/fbaube/sqlite3 v0.0.0-20230622182711-a6140311d5d2/go.mod h1:vYzBSGC+jBvm7d3fUpwElcXoGZ7/aUYpkQ/Taaa2yL0=
